
Microsoft Visual Studio Solution File, Format Version 12.00
# Visual Studio Version 16
VisualStudioVersion = 16.0.31729.503
MinimumVisualStudioVersion = 10.0.40219.1
Project("{FAE04EC0-301F-11D3-BF4B-00C04F79EFBC}") = "PT", "PT\PT.csproj", "{35085B1D-4A6E-4C64-A6D4-051F89ED1B39}"
EndProject
Project("{FAE04EC0-301F-11D3-BF4B-00C04F79EFBC}") = "TestPT", "TestPT\TestPT.csproj", "{77079C79-E759-40B8-AF90-5AAE771455C1}"
EndProject
Global
	GlobalSection(SolutionConfigurationPlatforms) = preSolution
		Debug|Any CPU = Debug|Any CPU
		Release|Any CPU = Release|Any CPU
	EndGlobalSection
	GlobalSection(ProjectConfigurationPlatforms) = postSolution
		{35085B1D-4A6E-4C64-A6D4-051F89ED1B39}.Debug|Any CPU.ActiveCfg = Debug|Any CPU
		{35085B1D-4A6E-4C64-A6D4-051F89ED1B39}.Debug|Any CPU.Build.0 = Debug|Any CPU
		{35085B1D-4A6E-4C64-A6D4-051F89ED1B39}.Release|Any CPU.ActiveCfg = Release|Any CPU
		{35085B1D-4A6E-4C64-A6D4-051F89ED1B39}.Release|Any CPU.Build.0 = Release|Any CPU
		{77079C79-E759-40B8-AF90-5AAE771455C1}.Debug|Any CPU.ActiveCfg = Debug|Any CPU
		{77079C79-E759-40B8-AF90-5AAE771455C1}.Debug|Any CPU.Build.0 = Debug|Any CPU
		{77079C79-E759-40B8-AF90-5AAE771455C1}.Release|Any CPU.ActiveCfg = Release|Any CPU
		{77079C79-E759-40B8-AF90-5AAE771455C1}.Release|Any CPU.Build.0 = Release|Any CPU
	EndGlobalSection
	GlobalSection(SolutionProperties) = preSolution
		HideSolutionNode = FALSE
	EndGlobalSection
	GlobalSection(ExtensibilityGlobals) = postSolution
		SolutionGuid = {A3AA8C1A-F321-49C9-B6EA-1C58099D5323}
	EndGlobalSection
EndGlobal
